
Microsoft Visual Studio Solution File, Format Version 12.00
Project("{FAE04EC0-301F-11D3-BF4B-00C04F79EFBC}") = "TreeRouter", "TreeRouter\TreeRouter.csproj", "{8BE45018-C704-4337-A4C1-B805F9F79D6D}"
EndProject
Project("{FAE04EC0-301F-11D3-BF4B-00C04F79EFBC}") = "Tests", "Tests\Tests.csproj", "{ADC434E8-A532-4CDE-A1E7-5F0BE5A6F484}"
EndProject
Project("{FAE04EC0-301F-11D3-BF4B-00C04F79EFBC}") = "TreeRouter.Http", "TreeRouter.Http\TreeRouter.Http.csproj", "{472269BE-FED4-4118-98C0-0DFD88AA303A}"
EndProject
Project("{FAE04EC0-301F-11D3-BF4B-00C04F79EFBC}") = "TreeRouter.WebSocket", "TreeRouter.WebSocket\TreeRouter.WebSocket.csproj", "{711CCD4B-9383-45BD-ABA4-52B1A36F071C}"
EndProject
Project("{FAE04EC0-301F-11D3-BF4B-00C04F79EFBC}") = "WebAndSocketTester", "WebAndSocketTester\WebAndSocketTester.csproj", "{34FC7B97-1428-45DE-B52B-1D8989F05C69}"
EndProject
Global
	GlobalSection(SolutionConfigurationPlatforms) = preSolution
		Debug|Any CPU = Debug|Any CPU
		Release|Any CPU = Release|Any CPU
	EndGlobalSection
	GlobalSection(ProjectConfigurationPlatforms) = postSolution
		{8BE45018-C704-4337-A4C1-B805F9F79D6D}.Debug|Any CPU.ActiveCfg = Debug|Any CPU
		{8BE45018-C704-4337-A4C1-B805F9F79D6D}.Debug|Any CPU.Build.0 = Debug|Any CPU
		{8BE45018-C704-4337-A4C1-B805F9F79D6D}.Release|Any CPU.ActiveCfg = Release|Any CPU
		{8BE45018-C704-4337-A4C1-B805F9F79D6D}.Release|Any CPU.Build.0 = Release|Any CPU
		{ADC434E8-A532-4CDE-A1E7-5F0BE5A6F484}.Debug|Any CPU.ActiveCfg = Debug|Any CPU
		{ADC434E8-A532-4CDE-A1E7-5F0BE5A6F484}.Debug|Any CPU.Build.0 = Debug|Any CPU
		{ADC434E8-A532-4CDE-A1E7-5F0BE5A6F484}.Release|Any CPU.ActiveCfg = Release|Any CPU
		{ADC434E8-A532-4CDE-A1E7-5F0BE5A6F484}.Release|Any CPU.Build.0 = Release|Any CPU
		{472269BE-FED4-4118-98C0-0DFD88AA303A}.Debug|Any CPU.ActiveCfg = Debug|Any CPU
		{472269BE-FED4-4118-98C0-0DFD88AA303A}.Debug|Any CPU.Build.0 = Debug|Any CPU
		{472269BE-FED4-4118-98C0-0DFD88AA303A}.Release|Any CPU.ActiveCfg = Release|Any CPU
		{472269BE-FED4-4118-98C0-0DFD88AA303A}.Release|Any CPU.Build.0 = Release|Any CPU
		{711CCD4B-9383-45BD-ABA4-52B1A36F071C}.Debug|Any CPU.ActiveCfg = Debug|Any CPU
		{711CCD4B-9383-45BD-ABA4-52B1A36F071C}.Debug|Any CPU.Build.0 = Debug|Any CPU
		{711CCD4B-9383-45BD-ABA4-52B1A36F071C}.Release|Any CPU.ActiveCfg = Release|Any CPU
		{711CCD4B-9383-45BD-ABA4-52B1A36F071C}.Release|Any CPU.Build.0 = Release|Any CPU
		{34FC7B97-1428-45DE-B52B-1D8989F05C69}.Debug|Any CPU.ActiveCfg = Debug|Any CPU
		{34FC7B97-1428-45DE-B52B-1D8989F05C69}.Debug|Any CPU.Build.0 = Debug|Any CPU
		{34FC7B97-1428-45DE-B52B-1D8989F05C69}.Release|Any CPU.ActiveCfg = Release|Any CPU
		{34FC7B97-1428-45DE-B52B-1D8989F05C69}.Release|Any CPU.Build.0 = Release|Any CPU
	EndGlobalSection
EndGlobal
